FORGE
  remote: http://forge.puppetlabs.com
  specs:
    domcleal/augeasproviders (0.6.0)
    erwbgy/ssh (0.2.1)
      domcleal/augeasproviders (>= 0.5.1)
    puppetlabs/apt (1.1.0)
      puppetlabs/stdlib (>= 2.2.1)
    puppetlabs/stdlib (4.0.2)

GIT
  remote: git://github.com/mstrauss/puppet-editfile.git
  ref: master
  sha: 884efdc0997af667f24625e696630e6b1db5a952
  specs:
    editfile (0.0.1)

GIT
  remote: git://github.com/narkisr/puppet-supernal.git
  ref: master
  sha: 0c4ab877e74cb5a6a6c42e17e994dcc590d70b58
  specs:
    supernal (0.0.1)

DEPENDENCIES
  editfile (>= 0)
  erwbgy/ssh (>= 0)
  puppetlabs/apt (>= 0)
  puppetlabs/stdlib (>= 0)
  supernal (>= 0)

